
Microsoft Visual Studio Solution File, Format Version 12.00
# Visual Studio Version 17
VisualStudioVersion = 17.13.35931.197
MinimumVisualStudioVersion = 10.0.40219.1
Project("{FAE04EC0-301F-11D3-BF4B-00C04F79EFBC}") = "SistemaAtendimento", "SistemaAtendimento.csproj", "{B51E44D0-80A8-45C7-8549-A59A3CD37238}"
EndProject
Global
	GlobalSection(SolutionConfigurationPlatforms) = preSolution
		Debug|Any CPU = Debug|Any CPU
		Release|Any CPU = Release|Any CPU
	EndGlobalSection
	GlobalSection(ProjectConfigurationPlatforms) = postSolution
		{B51E44D0-80A8-45C7-8549-A59A3CD37238}.Debug|Any CPU.ActiveCfg = Debug|Any CPU
		{B51E44D0-80A8-45C7-8549-A59A3CD37238}.Debug|Any CPU.Build.0 = Debug|Any CPU
		{B51E44D0-80A8-45C7-8549-A59A3CD37238}.Release|Any CPU.ActiveCfg = Release|Any CPU
		{B51E44D0-80A8-45C7-8549-A59A3CD37238}.Release|Any CPU.Build.0 = Release|Any CPU
	EndGlobalSection
	GlobalSection(SolutionProperties) = preSolution
		HideSolutionNode = FALSE
	EndGlobalSection
	GlobalSection(ExtensibilityGlobals) = postSolution
		SolutionGuid = {E3C354B9-0D77-45FA-8F97-603636EC57A0}
	EndGlobalSection
EndGlobal
